
Microsoft Visual Studio Solution File, Format Version 12.00
# Visual Studio Version 17
VisualStudioVersion = 17.1.32210.238
MinimumVisualStudioVersion = 10.0.40219.1
Project("{FAE04EC0-301F-11D3-BF4B-00C04F79EFBC}") = "DeadBySkill", "DeadBySkill\DeadBySkill.csproj", "{46D0D840-5CF9-4F6D-BDD7-E4326273FC57}"
EndProject
Global
	GlobalSection(SolutionConfigurationPlatforms) = preSolution
		Debug|Any CPU = Debug|Any CPU
		Release|Any CPU = Release|Any CPU
	EndGlobalSection
	GlobalSection(ProjectConfigurationPlatforms) = postSolution
		{46D0D840-5CF9-4F6D-BDD7-E4326273FC57}.Debug|Any CPU.ActiveCfg = Debug|Any CPU
		{46D0D840-5CF9-4F6D-BDD7-E4326273FC57}.Debug|Any CPU.Build.0 = Debug|Any CPU
		{46D0D840-5CF9-4F6D-BDD7-E4326273FC57}.Release|Any CPU.ActiveCfg = Release|Any CPU
		{46D0D840-5CF9-4F6D-BDD7-E4326273FC57}.Release|Any CPU.Build.0 = Release|Any CPU
	EndGlobalSection
	GlobalSection(SolutionProperties) = preSolution
		HideSolutionNode = FALSE
	EndGlobalSection
	GlobalSection(ExtensibilityGlobals) = postSolution
		SolutionGuid = {8C1A5D82-1A24-4556-B10C-93BD7ADFC400}
	EndGlobalSection
EndGlobal
